
Microsoft Visual Studio Solution File, Format Version 12.00
# Visual Studio Version 17
VisualStudioVersion = 17.0.31903.59
MinimumVisualStudioVersion = 10.0.40219.1
Project("{FAE04EC0-301F-11D3-BF4B-00C04F79EFBC}") = "AmeSharp.Runtime", "AmeSharp.Runtime\AmeSharp.Runtime.csproj", "{03594AF8-1EAA-40FC-97BE-6C5DE67A5454}"
EndProject
Global
	GlobalSection(SolutionConfigurationPlatforms) = preSolution
		Debug|Any CPU = Debug|Any CPU
		Release|Any CPU = Release|Any CPU
	EndGlobalSection
	GlobalSection(SolutionProperties) = preSolution
		HideSolutionNode = FALSE
	EndGlobalSection
	GlobalSection(ProjectConfigurationPlatforms) = postSolution
		{03594AF8-1EAA-40FC-97BE-6C5DE67A5454}.Debug|Any CPU.ActiveCfg = Debug|Any CPU
		{03594AF8-1EAA-40FC-97BE-6C5DE67A5454}.Debug|Any CPU.Build.0 = Debug|Any CPU
		{03594AF8-1EAA-40FC-97BE-6C5DE67A5454}.Release|Any CPU.ActiveCfg = Release|Any CPU
		{03594AF8-1EAA-40FC-97BE-6C5DE67A5454}.Release|Any CPU.Build.0 = Release|Any CPU
	EndGlobalSection
EndGlobal
